// !$*UTF8*$!
{
	archiveVersion = 1;
	classes = {
	};
	objectVersion = 51;
	objects = {

/* Begin PBXBuildFile section */
		1B0F5E58211E7C2E73628305 /* Pods_Covid_19Tests.framework in Frameworks */ = {isa = PBXBuildFile; fileRef = 819713DEFAE2E3930BB49E3E /* Pods_Covid_19Tests.framework */; };
		2624871C2511FD9300C73E58 /* FirebaseManager.swift in Sources */ = {isa = PBXBuildFile; fileRef = 2624871B2511FD9300C73E58 /* FirebaseManager.swift */; };
		26410501250F52FC00DD6383 /* AppDelegate.swift in Sources */ = {isa = PBXBuildFile; fileRef = 26410500250F52FC00DD6383 /* AppDelegate.swift */; };
		26410503250F52FC00DD6383 /* SceneDelegate.swift in Sources */ = {isa = PBXBuildFile; fileRef = 26410502250F52FC00DD6383 /* SceneDelegate.swift */; };
		26410505250F52FC00DD6383 /* LoginViewController.swift in Sources */ = {isa = PBXBuildFile; fileRef = 26410504250F52FC00DD6383 /* LoginViewController.swift */; };
		26410508250F52FC00DD6383 /* Main.storyboard in Resources */ = {isa = PBXBuildFile; fileRef = 26410506250F52FC00DD6383 /* Main.storyboard */; };
		2641050A250F52FC00DD6383 /* Assets.xcassets in Resources */ = {isa = PBXBuildFile; fileRef = 26410509250F52FC00DD6383 /* Assets.xcassets */; };
		2641050D250F52FC00DD6383 /* LaunchScreen.storyboard in Resources */ = {isa = PBXBuildFile; fileRef = 2641050B250F52FC00DD6383 /* LaunchScreen.storyboard */; };
		26410518250F52FC00DD6383 /* Covid_19Tests.swift in Sources */ = {isa = PBXBuildFile; fileRef = 26410517250F52FC00DD6383 /* Covid_19Tests.swift */; };
		26410523250F52FC00DD6383 /* Covid_19UITests.swift in Sources */ = {isa = PBXBuildFile; fileRef = 26410522250F52FC00DD6383 /* Covid_19UITests.swift */; };
		26410532250F96DF00DD6383 /* RoundedTextField.swift in Sources */ = {isa = PBXBuildFile; fileRef = 26410531250F96DF00DD6383 /* RoundedTextField.swift */; };
		26410534250F9A8100DD6383 /* RoundedButton.swift in Sources */ = {isa = PBXBuildFile; fileRef = 26410533250F9A8100DD6383 /* RoundedButton.swift */; };
		26410536250FA8D900DD6383 /* RoundedImageView.swift in Sources */ = {isa = PBXBuildFile; fileRef = 26410535250FA8D900DD6383 /* RoundedImageView.swift */; };
		26410538250FB16A00DD6383 /* SignUpViewController.swift in Sources */ = {isa = PBXBuildFile; fileRef = 26410537250FB16A00DD6383 /* SignUpViewController.swift */; };
		2641053A250FC73300DD6383 /* HideNavigationBar.swift in Sources */ = {isa = PBXBuildFile; fileRef = 26410539250FC73300DD6383 /* HideNavigationBar.swift */; };
		2641053C250FCBE700DD6383 /* KeyboardToolBar.swift in Sources */ = {isa = PBXBuildFile; fileRef = 2641053B250FCBE700DD6383 /* KeyboardToolBar.swift */; };
		2641053F250FD6AA00DD6383 /* Validator.swift in Sources */ = {isa = PBXBuildFile; fileRef = 2641053E250FD6AA00DD6383 /* Validator.swift */; };
		2641054225107B6D00DD6383 /* HomeViewController.swift in Sources */ = {isa = PBXBuildFile; fileRef = 2641054125107B6D00DD6383 /* HomeViewController.swift */; };
		2641054425107B7D00DD6383 /* UpdateViewController.swift in Sources */ = {isa = PBXBuildFile; fileRef = 2641054325107B7D00DD6383 /* UpdateViewController.swift */; };
		2641054625107B8D00DD6383 /* SettingViewController.swift in Sources */ = {isa = PBXBuildFile; fileRef = 2641054525107B8D00DD6383 /* SettingViewController.swift */; };
		2641054925109F5300DD6383 /* RoundedView.swift in Sources */ = {isa = PBXBuildFile; fileRef = 2641054825109F5300DD6383 /* RoundedView.swift */; };
		26640E322510B5D800DFCB11 /* PopupDialog.swift in Sources */ = {isa = PBXBuildFile; fileRef = 26640E312510B5D800DFCB11 /* PopupDialog.swift */; };
		26640E342510B81500DFCB11 /* UserSession.swift in Sources */ = {isa = PBXBuildFile; fileRef = 26640E332510B81500DFCB11 /* UserSession.swift */; };
		26640E362510B99600DFCB11 /* Constraints.swift in Sources */ = {isa = PBXBuildFile; fileRef = 26640E352510B99600DFCB11 /* Constraints.swift */; };
		26640E382510D0AD00DFCB11 /* RoundedLabel.swift in Sources */ = {isa = PBXBuildFile; fileRef = 26640E372510D0AD00DFCB11 /* RoundedLabel.swift */; };
		26640E3A25111A9E00DFCB11 /* SympthonsViewController.swift in Sources */ = {isa = PBXBuildFile; fileRef = 26640E3925111A9E00DFCB11 /* SympthonsViewController.swift */; };
		26640E3E251123F300DFCB11 /* ChangeNavBarTintColor.swift in Sources */ = {isa = PBXBuildFile; fileRef = 26640E3D251123F300DFCB11 /* ChangeNavBarTintColor.swift */; };
		26640E4B2511525C00DFCB11 /* NewsCell.swift in Sources */ = {isa = PBXBuildFile; fileRef = 26640E492511525C00DFCB11 /* NewsCell.swift */; };
		26640E4C2511525C00DFCB11 /* NewsCell.xib in Resources */ = {isa = PBXBuildFile; fileRef = 26640E4A2511525C00DFCB11 /* NewsCell.xib */; };
		2685696B251379CB00447264 /* LunchScreenViewController.swift in Sources */ = {isa = PBXBuildFile; fileRef = 2685696A251379CB00447264 /* LunchScreenViewController.swift */; };
		2685696F2514762400447264 /* MapLocation.swift in Sources */ = {isa = PBXBuildFile; fileRef = 2685696E2514762400447264 /* MapLocation.swift */; };
		268569712514A67D00447264 /* MapMarker.swift in Sources */ = {isa = PBXBuildFile; fileRef = 268569702514A67D00447264 /* MapMarker.swift */; };
		268569732514BA1D00447264 /* MapViewController.swift in Sources */ = {isa = PBXBuildFile; fileRef = 268569722514BA1D00447264 /* MapViewController.swift */; };
		268569752514C7B000447264 /* SurveyViewController.swift in Sources */ = {isa = PBXBuildFile; fileRef = 268569742514C7B000447264 /* SurveyViewController.swift */; };
		268569782514CD3600447264 /* SurveyTableViewCell.swift in Sources */ = {isa = PBXBuildFile; fileRef = 268569762514CD3600447264 /* SurveyTableViewCell.swift */; };
		268569792514CD3600447264 /* SurveyTableViewCell.xib in Resources */ = {isa = PBXBuildFile; fileRef = 268569772514CD3600447264 /* SurveyTableViewCell.xib */; };
		2685697B2514D7C400447264 /* Survey.swift in Sources */ = {isa = PBXBuildFile; fileRef = 2685697A2514D7C400447264 /* Survey.swift */; };
		269761542511EDBC00ADE8A0 /* ImagePickerDelegate.swift in Sources */ = {isa = PBXBuildFile; fileRef = 269761532511EDBC00ADE8A0 /* ImagePickerDelegate.swift */; };
		269761562511FA2D00ADE8A0 /* GoogleService-Info.plist in Resources */ = {isa = PBXBuildFile; fileRef = 269761552511FA2D00ADE8A0 /* GoogleService-Info.plist */; };
		26FF778825132A7A00A1E85D /* IndicatorHUD.swift in Sources */ = {isa = PBXBuildFile; fileRef = 26FF778725132A7A00A1E85D /* IndicatorHUD.swift */; };
		26FF778A251336A100A1E85D /* User.swift in Sources */ = {isa = PBXBuildFile; fileRef = 26FF7789251336A100A1E85D /* User.swift */; };
		E5F2BBB5FD164F5C523876B3 /* Pods_Covid_19.framework in Frameworks */ = {isa = PBXBuildFile; fileRef = 7DFC4D45E6F415F46A46674B /* Pods_Covid_19.framework */; };
		FB4A56D9F02EAF8A2C3BBC65 /* Pods_Covid_19_Covid_19UITests.framework in Frameworks */ = {isa = PBXBuildFile; fileRef = 1049EAA663B029759E515662 /* Pods_Covid_19_Covid_19UITests.framework */; };
/* End PBXBuildFile section */

/* Begin PBXContainerItemProxy section */
		26410514250F52FC00DD6383 /* PBXContainerItemProxy */ = {
			isa = PBXContainerItemProxy;
			containerPortal = 264104F5250F52FC00DD6383 /* Project object */;
			proxyType = 1;
			remoteGlobalIDString = 264104FC250F52FC00DD6383;
			remoteInfo = "Covid-19";
		};
		2641051F250F52FC00DD6383 /* PBXContainerItemProxy */ = {
			isa = PBXContainerItemProxy;
			containerPortal = 264104F5250F52FC00DD6383 /* Project object */;
			proxyType = 1;
			remoteGlobalIDString = 264104FC250F52FC00DD6383;
			remoteInfo = "Covid-19";
		};
/* End PBXContainerItemProxy section */

/* Begin PBXFileReference section */
		1049EAA663B029759E515662 /* Pods_Covid_19_Covid_19UITests.framework */ = {isa = PBXFileReference; explicitFileType = wrapper.framework; includeInIndex = 0; path = Pods_Covid_19_Covid_19UITests.framework; sourceTree = BUILT_PRODUCTS_DIR; };
		10A4BCDD8E19397E7220352D /* Pods-Covid-19Tests.release.xcconfig */ = {isa = PBXFileReference; includeInIndex = 1; lastKnownFileType = text.xcconfig; name = "Pods-Covid-19Tests.release.xcconfig"; path = "Target Support Files/Pods-Covid-19Tests/Pods-Covid-19Tests.release.xcconfig"; sourceTree = "<group>"; };
		1C33567C5118DA6E685DC91E /* Pods-Covid-19Tests.debug.xcconfig */ = {isa = PBXFileReference; includeInIndex = 1; lastKnownFileType = text.xcconfig; name = "Pods-Covid-19Tests.debug.xcconfig"; path = "Target Support Files/Pods-Covid-19Tests/Pods-Covid-19Tests.debug.xcconfig"; sourceTree = "<group>"; };
		2624871B2511FD9300C73E58 /* FirebaseManager.swift */ = {isa = PBXFileReference; lastKnownFileType = sourcecode.swift; path = FirebaseManager.swift; sourceTree = "<group>"; };
		264104FD250F52FC00DD6383 /* Covid-19.app */ = {isa = PBXFileReference; explicitFileType = wrapper.application; includeInIndex = 0; path = "Covid-19.app"; sourceTree = BUILT_PRODUCTS_DIR; };
		26410500250F52FC00DD6383 /* AppDelegate.swift */ = {isa = PBXFileReference; lastKnownFileType = sourcecode.swift; path = AppDelegate.swift; sourceTree = "<group>"; };
		26410502250F52FC00DD6383 /* SceneDelegate.swift */ = {isa = PBXFileReference; lastKnownFileType = sourcecode.swift; path = SceneDelegate.swift; sourceTree = "<group>"; };
		26410504250F52FC00DD6383 /* LoginViewController.swift */ = {isa = PBXFileReference; lastKnownFileType = sourcecode.swift; path = LoginViewController.swift; sourceTree = "<group>"; };
		26410507250F52FC00DD6383 /* Base */ = {isa = PBXFileReference; lastKnownFileType = file.storyboard; name = Base; path = Base.lproj/Main.storyboard; sourceTree = "<group>"; };
		26410509250F52FC00DD6383 /* Assets.xcassets */ = {isa = PBXFileReference; lastKnownFileType = folder.assetcatalog; path = Assets.xcassets; sourceTree = "<group>"; };
		2641050C250F52FC00DD6383 /* Base */ = {isa = PBXFileReference; lastKnownFileType = file.storyboard; name = Base; path = Base.lproj/LaunchScreen.storyboard; sourceTree = "<group>"; };
		2641050E250F52FC00DD6383 /* Info.plist */ = {isa = PBXFileReference; lastKnownFileType = text.plist.xml; path = Info.plist; sourceTree = "<group>"; };
		26410513250F52FC00DD6383 /* Covid-19Tests.xctest */ = {isa = PBXFileReference; explicitFileType = wrapper.cfbundle; includeInIndex = 0; path = "Covid-19Tests.xctest"; sourceTree = BUILT_PRODUCTS_DIR; };
		26410517250F52FC00DD6383 /* Covid_19Tests.swift */ = {isa = PBXFileReference; lastKnownFileType = sourcecode.swift; path = Covid_19Tests.swift; sourceTree = "<group>"; };
		26410519250F52FC00DD6383 /* Info.plist */ = {isa = PBXFileReference; lastKnownFileType = text.plist.xml; path = Info.plist; sourceTree = "<group>"; };
		2641051E250F52FC00DD6383 /* Covid-19UITests.xctest */ = {isa = PBXFileReference; explicitFileType = wrapper.cfbundle; includeInIndex = 0; path = "Covid-19UITests.xctest"; sourceTree = BUILT_PRODUCTS_DIR; };
		26410522250F52FC00DD6383 /* Covid_19UITests.swift */ = {isa = PBXFileReference; lastKnownFileType = sourcecode.swift; path = Covid_19UITests.swift; sourceTree = "<group>"; };
		26410524250F52FC00DD6383 /* Info.plist */ = {isa = PBXFileReference; lastKnownFileType = text.plist.xml; path = Info.plist; sourceTree = "<group>"; };
		26410531250F96DF00DD6383 /* RoundedTextField.swift */ = {isa = PBXFileReference; lastKnownFileType = sourcecode.swift; path = RoundedTextField.swift; sourceTree = "<group>"; };
		26410533250F9A8100DD6383 /* RoundedButton.swift */ = {isa = PBXFileReference; lastKnownFileType = sourcecode.swift; path = RoundedButton.swift; sourceTree = "<group>"; };
		26410535250FA8D900DD6383 /* RoundedImageView.swift */ = {isa = PBXFileReference; lastKnownFileType = sourcecode.swift; path = RoundedImageView.swift; sourceTree = "<group>"; };
		26410537250FB16A00DD6383 /* SignUpViewController.swift */ = {isa = PBXFileReference; lastKnownFileType = sourcecode.swift; path = SignUpViewController.swift; sourceTree = "<group>"; };
		26410539250FC73300DD6383 /* HideNavigationBar.swift */ = {isa = PBXFileReference; lastKnownFileType = sourcecode.swift; path = HideNavigationBar.swift; sourceTree = "<group>"; };
		2641053B250FCBE700DD6383 /* KeyboardToolBar.swift */ = {isa = PBXFileReference; lastKnownFileType = sourcecode.swift; path = KeyboardToolBar.swift; sourceTree = "<group>"; };
		2641053E250FD6AA00DD6383 /* Validator.swift */ = {isa = PBXFileReference; lastKnownFileType = sourcecode.swift; path = Validator.swift; sourceTree = "<group>"; };
		2641054125107B6D00DD6383 /* HomeViewController.swift */ = {isa = PBXFileReference; lastKnownFileType = sourcecode.swift; path = HomeViewController.swift; sourceTree = "<group>"; };
		2641054325107B7D00DD6383 /* UpdateViewController.swift */ = {isa = PBXFileReference; lastKnownFileType = sourcecode.swift; path = UpdateViewController.swift; sourceTree = "<group>"; };
		2641054525107B8D00DD6383 /* SettingViewController.swift */ = {isa = PBXFileReference; lastKnownFileType = sourcecode.swift; path = SettingViewController.swift; sourceTree = "<group>"; };
		2641054825109F5300DD6383 /* RoundedView.swift */ = {isa = PBXFileReference; lastKnownFileType = sourcecode.swift; path = RoundedView.swift; sourceTree = "<group>"; };
		26640E312510B5D800DFCB11 /* PopupDialog.swift */ = {isa = PBXFileReference; lastKnownFileType = sourcecode.swift; path = PopupDialog.swift; sourceTree = "<group>"; };
		26640E332510B81500DFCB11 /* UserSession.swift */ = {isa = PBXFileReference; lastKnownFileType = sourcecode.swift; path = UserSession.swift; sourceTree = "<group>"; };
		26640E352510B99600DFCB11 /* Constraints.swift */ = {isa = PBXFileReference; lastKnownFileType = sourcecode.swift; path = Constraints.swift; sourceTree = "<group>"; };
		26640E372510D0AD00DFCB11 /* RoundedLabel.swift */ = {isa = PBXFileReference; lastKnownFileType = sourcecode.swift; path = RoundedLabel.swift; sourceTree = "<group>"; };
		26640E3925111A9E00DFCB11 /* SympthonsViewController.swift */ = {isa = PBXFileReference; lastKnownFileType = sourcecode.swift; path = SympthonsViewController.swift; sourceTree = "<group>"; };
		26640E3D251123F300DFCB11 /* ChangeNavBarTintColor.swift */ = {isa = PBXFileReference; lastKnownFileType = sourcecode.swift; path = ChangeNavBarTintColor.swift; sourceTree = "<group>"; };
		26640E492511525C00DFCB11 /* NewsCell.swift */ = {isa = PBXFileReference; lastKnownFileType = sourcecode.swift; path = NewsCell.swift; sourceTree = "<group>"; };
		26640E4A2511525C00DFCB11 /* NewsCell.xib */ = {isa = PBXFileReference; lastKnownFileType = file.xib; path = NewsCell.xib; sourceTree = "<group>"; };
		2685696A251379CB00447264 /* LunchScreenViewController.swift */ = {isa = PBXFileReference; lastKnownFileType = sourcecode.swift; path = LunchScreenViewController.swift; sourceTree = "<group>"; };
		2685696E2514762400447264 /* MapLocation.swift */ = {isa = PBXFileReference; lastKnownFileType = sourcecode.swift; path = MapLocation.swift; sourceTree = "<group>"; };
		268569702514A67D00447264 /* MapMarker.swift */ = {isa = PBXFileReference; lastKnownFileType = sourcecode.swift; path = MapMarker.swift; sourceTree = "<group>"; };
		268569722514BA1D00447264 /* MapViewController.swift */ = {isa = PBXFileReference; lastKnownFileType = sourcecode.swift; path = MapViewController.swift; sourceTree = "<group>"; };
		268569742514C7B000447264 /* SurveyViewController.swift */ = {isa = PBXFileReference; lastKnownFileType = sourcecode.swift; path = SurveyViewController.swift; sourceTree = "<group>"; };
		268569762514CD3600447264 /* SurveyTableViewCell.swift */ = {isa = PBXFileReference; lastKnownFileType = sourcecode.swift; path = SurveyTableViewCell.swift; sourceTree = "<group>"; };
		268569772514CD3600447264 /* SurveyTableViewCell.xib */ = {isa = PBXFileReference; lastKnownFileType = file.xib; path = SurveyTableViewCell.xib; sourceTree = "<group>"; };
		2685697A2514D7C400447264 /* Survey.swift */ = {isa = PBXFileReference; lastKnownFileType = sourcecode.swift; path = Survey.swift; sourceTree = "<group>"; };
		269761532511EDBC00ADE8A0 /* ImagePickerDelegate.swift */ = {isa = PBXFileReference; lastKnownFileType = sourcecode.swift; path = ImagePickerDelegate.swift; sourceTree = "<group>"; };
		269761552511FA2D00ADE8A0 /* GoogleService-Info.plist */ = {isa = PBXFileReference; fileEncoding = 4; lastKnownFileType = text.plist.xml; path = "GoogleService-Info.plist"; sourceTree = "<group>"; };
		26FF778725132A7A00A1E85D /* IndicatorHUD.swift */ = {isa = PBXFileReference; lastKnownFileType = sourcecode.swift; path = IndicatorHUD.swift; sourceTree = "<group>"; };
		26FF7789251336A100A1E85D /* User.swift */ = {isa = PBXFileReference; lastKnownFileType = sourcecode.swift; path = User.swift; sourceTree = "<group>"; };
		7D8458B867CEA85282BE8DD6 /* Pods-Covid-19-Covid-19UITests.release.xcconfig */ = {isa = PBXFileReference; includeInIndex = 1; lastKnownFileType = text.xcconfig; name = "Pods-Covid-19-Covid-19UITests.release.xcconfig"; path = "Target Support Files/Pods-Covid-19-Covid-19UITests/Pods-Covid-19-Covid-19UITests.release.xcconfig"; sourceTree = "<group>"; };
		7DFC4D45E6F415F46A46674B /* Pods_Covid_19.framework */ = {isa = PBXFileReference; explicitFileType = wrapper.framework; includeInIndex = 0; path = Pods_Covid_19.framework; sourceTree = BUILT_PRODUCTS_DIR; };
		819713DEFAE2E3930BB49E3E /* Pods_Covid_19Tests.framework */ = {isa = PBXFileReference; explicitFileType = wrapper.framework; includeInIndex = 0; path = Pods_Covid_19Tests.framework; sourceTree = BUILT_PRODUCTS_DIR; };
		9AF9EC0316A89F8014BFE6B7 /* Pods-Covid-19-Covid-19UITests.debug.xcconfig */ = {isa = PBXFileReference; includeInIndex = 1; lastKnownFileType = text.xcconfig; name = "Pods-Covid-19-Covid-19UITests.debug.xcconfig"; path = "Target Support Files/Pods-Covid-19-Covid-19UITests/Pods-Covid-19-Covid-19UITests.debug.xcconfig"; sourceTree = "<group>"; };
		B15A2EB58C7A035E07E56896 /* Pods-Covid-19.release.xcconfig */ = {isa = PBXFileReference; includeInIndex = 1; lastKnownFileType = text.xcconfig; name = "Pods-Covid-19.release.xcconfig"; path = "Target Support Files/Pods-Covid-19/Pods-Covid-19.release.xcconfig"; sourceTree = "<group>"; };
		E660E830D56D12FBE2DE1E2D /* Pods-Covid-19.debug.xcconfig */ = {isa = PBXFileReference; includeInIndex = 1; lastKnownFileType = text.xcconfig; name = "Pods-Covid-19.debug.xcconfig"; path = "Target Support Files/Pods-Covid-19/Pods-Covid-19.debug.xcconfig"; sourceTree = "<group>"; };
/* End PBXFileReference section */

/* Begin PBXFrameworksBuildPhase section */
		264104FA250F52FC00DD6383 /* Frameworks */ = {
			isa = PBXFrameworksBuildPhase;
			buildActionMask = 2147483647;
			files = (
				E5F2BBB5FD164F5C523876B3 /* Pods_Covid_19.framework in Frameworks */,
			);
			runOnlyForDeploymentPostprocessing = 0;
		};
		26410510250F52FC00DD6383 /* Frameworks */ = {
			isa = PBXFrameworksBuildPhase;
			buildActionMask = 2147483647;
			files = (
				1B0F5E58211E7C2E73628305 /* Pods_Covid_19Tests.framework in Frameworks */,
			);
			runOnlyForDeploymentPostprocessing = 0;
		};
		2641051B250F52FC00DD6383 /* Frameworks */ = {
			isa = PBXFrameworksBuildPhase;
			buildActionMask = 2147483647;
			files = (
				FB4A56D9F02EAF8A2C3BBC65 /* Pods_Covid_19_Covid_19UITests.framework in Frameworks */,
			);
			runOnlyForDeploymentPostprocessing = 0;
		};
/* End PBXFrameworksBuildPhase section */

/* Begin PBXGroup section */
		127ED29446A18D1C72962595 /* Pods */ = {
			isa = PBXGroup;
			children = (
				E660E830D56D12FBE2DE1E2D /* Pods-Covid-19.debug.xcconfig */,
				B15A2EB58C7A035E07E56896 /* Pods-Covid-19.release.xcconfig */,
				9AF9EC0316A89F8014BFE6B7 /* Pods-Covid-19-Covid-19UITests.debug.xcconfig */,
				7D8458B867CEA85282BE8DD6 /* Pods-Covid-19-Covid-19UITests.release.xcconfig */,
				1C33567C5118DA6E685DC91E /* Pods-Covid-19Tests.debug.xcconfig */,
				10A4BCDD8E19397E7220352D /* Pods-Covid-19Tests.release.xcconfig */,
			);
			path = Pods;
			sourceTree = "<group>";
		};
		264104F4250F52FC00DD6383 = {
			isa = PBXGroup;
			children = (
				264104FF250F52FC00DD6383 /* Covid-19 */,
				26410516250F52FC00DD6383 /* Covid-19Tests */,
				26410521250F52FC00DD6383 /* Covid-19UITests */,
				264104FE250F52FC00DD6383 /* Products */,
				127ED29446A18D1C72962595 /* Pods */,
				B74A642EC465C56021CE72D7 /* Frameworks */,
			);
			sourceTree = "<group>";
		};
		264104FE250F52FC00DD6383 /* Products */ = {
			isa = PBXGroup;
			children = (
				264104FD250F52FC00DD6383 /* Covid-19.app */,
				26410513250F52FC00DD6383 /* Covid-19Tests.xctest */,
				2641051E250F52FC00DD6383 /* Covid-19UITests.xctest */,
			);
			name = Products;
			sourceTree = "<group>";
		};
		264104FF250F52FC00DD6383 /* Covid-19 */ = {
			isa = PBXGroup;
			children = (
				26FF7784251254B800A1E85D /* Model */,
				26FF77832512519600A1E85D /* CustomView */,
				269761552511FA2D00ADE8A0 /* GoogleService-Info.plist */,
				269761522511EDA200ADE8A0 /* Util */,
				264105472510850A00DD6383 /* View */,
				2641054025107A5100DD6383 /* Controller */,
				2641053D250FD68D00DD6383 /* Helper */,
				26410530250F966E00DD6383 /* UIClass */,
				26410500250F52FC00DD6383 /* AppDelegate.swift */,
				26410502250F52FC00DD6383 /* SceneDelegate.swift */,
				26410509250F52FC00DD6383 /* Assets.xcassets */,
				2641050E250F52FC00DD6383 /* Info.plist */,
			);
			path = "Covid-19";
			sourceTree = "<group>";
		};
		26410516250F52FC00DD6383 /* Covid-19Tests */ = {
			isa = PBXGroup;
			children = (
				26410517250F52FC00DD6383 /* Covid_19Tests.swift */,
				26410519250F52FC00DD6383 /* Info.plist */,
			);
			path = "Covid-19Tests";
			sourceTree = "<group>";
		};
		26410521250F52FC00DD6383 /* Covid-19UITests */ = {
			isa = PBXGroup;
			children = (
				26410522250F52FC00DD6383 /* Covid_19UITests.swift */,
				26410524250F52FC00DD6383 /* Info.plist */,
			);
			path = "Covid-19UITests";
			sourceTree = "<group>";
		};
		26410530250F966E00DD6383 /* UIClass */ = {
			isa = PBXGroup;
			children = (
				26640E3D251123F300DFCB11 /* ChangeNavBarTintColor.swift */,
				26410531250F96DF00DD6383 /* RoundedTextField.swift */,
				26410533250F9A8100DD6383 /* RoundedButton.swift */,
				26410535250FA8D900DD6383 /* RoundedImageView.swift */,
				26410539250FC73300DD6383 /* HideNavigationBar.swift */,
				2641053B250FCBE700DD6383 /* KeyboardToolBar.swift */,
				2641054825109F5300DD6383 /* RoundedView.swift */,
				26640E372510D0AD00DFCB11 /* RoundedLabel.swift */,
				268569702514A67D00447264 /* MapMarker.swift */,
			);
			path = UIClass;
			sourceTree = "<group>";
		};
		2641053D250FD68D00DD6383 /* Helper */ = {
			isa = PBXGroup;
			children = (
				2641053E250FD6AA00DD6383 /* Validator.swift */,
				26640E312510B5D800DFCB11 /* PopupDialog.swift */,
				26640E332510B81500DFCB11 /* UserSession.swift */,
				26640E352510B99600DFCB11 /* Constraints.swift */,
				26FF778725132A7A00A1E85D /* IndicatorHUD.swift */,
			);
			path = Helper;
			sourceTree = "<group>";
		};
		2641054025107A5100DD6383 /* Controller */ = {
			isa = PBXGroup;
			children = (
				26410504250F52FC00DD6383 /* LoginViewController.swift */,
				26410537250FB16A00DD6383 /* SignUpViewController.swift */,
				2641054125107B6D00DD6383 /* HomeViewController.swift */,
				2641054325107B7D00DD6383 /* UpdateViewController.swift */,
				2641054525107B8D00DD6383 /* SettingViewController.swift */,
				26640E3925111A9E00DFCB11 /* SympthonsViewController.swift */,
				26640E492511525C00DFCB11 /* NewsCell.swift */,
				2685696A251379CB00447264 /* LunchScreenViewController.swift */,
				268569722514BA1D00447264 /* MapViewController.swift */,
				268569742514C7B000447264 /* SurveyViewController.swift */,
				268569762514CD3600447264 /* SurveyTableViewCell.swift */,
			);
			path = Controller;
			sourceTree = "<group>";
		};
		264105472510850A00DD6383 /* View */ = {
			isa = PBXGroup;
			children = (
				26410506250F52FC00DD6383 /* Main.storyboard */,
				2641050B250F52FC00DD6383 /* LaunchScreen.storyboard */,
			);
			path = View;
			sourceTree = "<group>";
		};
		269761522511EDA200ADE8A0 /* Util */ = {
			isa = PBXGroup;
			children = (
				269761532511EDBC00ADE8A0 /* ImagePickerDelegate.swift */,
				2624871B2511FD9300C73E58 /* FirebaseManager.swift */,
			);
			path = Util;
			sourceTree = "<group>";
		};
		26FF77832512519600A1E85D /* CustomView */ = {
			isa = PBXGroup;
			children = (
				26640E4A2511525C00DFCB11 /* NewsCell.xib */,
				268569772514CD3600447264 /* SurveyTableViewCell.xib */,
			);
			path = CustomView;
			sourceTree = "<group>";
		};
		26FF7784251254B800A1E85D /* Model */ = {
			isa = PBXGroup;
			children = (
				26FF7789251336A100A1E85D /* User.swift */,
				2685696E2514762400447264 /* MapLocation.swift */,
				2685697A2514D7C400447264 /* Survey.swift */,
			);
			path = Model;
			sourceTree = "<group>";
		};
		B74A642EC465C56021CE72D7 /* Frameworks */ = {
			isa = PBXGroup;
			children = (
				7DFC4D45E6F415F46A46674B /* Pods_Covid_19.framework */,
				1049EAA663B029759E515662 /* Pods_Covid_19_Covid_19UITests.framework */,
				819713DEFAE2E3930BB49E3E /* Pods_Covid_19Tests.framework */,
			);
			name = Frameworks;
			sourceTree = "<group>";
		};
/* End PBXGroup section */

/* Begin PBXNativeTarget section */
		264104FC250F52FC00DD6383 /* Covid-19 */ = {
			isa = PBXNativeTarget;
			buildConfigurationList = 26410527250F52FC00DD6383 /* Build configuration list for PBXNativeTarget "Covid-19" */;
			buildPhases = (
				307207FD91B195BD565E1960 /* [CP] Check Pods Manifest.lock */,
				264104F9250F52FC00DD6383 /* Sources */,
				264104FA250F52FC00DD6383 /* Frameworks */,
				264104FB250F52FC00DD6383 /* Resources */,
				0EA8078A9A3219F49AB963FE /* [CP] Embed Pods Frameworks */,
			);
			buildRules = (
			);
			dependencies = (
			);
			name = "Covid-19";
			productName = "Covid-19";
			productReference = 264104FD250F52FC00DD6383 /* Covid-19.app */;
			productType = "com.apple.product-type.application";
		};
		26410512250F52FC00DD6383 /* Covid-19Tests */ = {
			isa = PBXNativeTarget;
			buildConfigurationList = 2641052A250F52FC00DD6383 /* Build configuration list for PBXNativeTarget "Covid-19Tests" */;
			buildPhases = (
				E65AD724DB70C89697A91C09 /* [CP] Check Pods Manifest.lock */,
				2641050F250F52FC00DD6383 /* Sources */,
				26410510250F52FC00DD6383 /* Frameworks */,
				26410511250F52FC00DD6383 /* Resources */,
			);
			buildRules = (
			);
			dependencies = (
				26410515250F52FC00DD6383 /* PBXTargetDependency */,
			);
			name = "Covid-19Tests";
			productName = "Covid-19Tests";
			productReference = 26410513250F52FC00DD6383 /* Covid-19Tests.xctest */;
			productType = "com.apple.product-type.bundle.unit-test";
		};
		2641051D250F52FC00DD6383 /* Covid-19UITests */ = {
			isa = PBXNativeTarget;
			buildConfigurationList = 2641052D250F52FC00DD6383 /* Build configuration list for PBXNativeTarget "Covid-19UITests" */;
			buildPhases = (
				F61A52FE10EA9E8282A45476 /* [CP] Check Pods Manifest.lock */,
				2641051A250F52FC00DD6383 /* Sources */,
				2641051B250F52FC00DD6383 /* Frameworks */,
				2641051C250F52FC00DD6383 /* Resources */,
				D2D9E5F5A746AAC21B5DF670 /* [CP] Embed Pods Frameworks */,
			);
			buildRules = (
			);
			dependencies = (
				26410520250F52FC00DD6383 /* PBXTargetDependency */,
			);
			name = "Covid-19UITests";
			productName = "Covid-19UITests";
			productReference = 2641051E250F52FC00DD6383 /* Covid-19UITests.xctest */;
			productType = "com.apple.product-type.bundle.ui-testing";
		};
/* End PBXNativeTarget section */

/* Begin PBXProject section */
		264104F5250F52FC00DD6383 /* Project object */ = {
			isa = PBXProject;
			attributes = {
				LastSwiftUpdateCheck = 1160;
				LastUpgradeCheck = 1160;
				ORGANIZATIONNAME = treCoops;
				TargetAttributes = {
					264104FC250F52FC00DD6383 = {
						CreatedOnToolsVersion = 11.6;
					};
					26410512250F52FC00DD6383 = {
						CreatedOnToolsVersion = 11.6;
						TestTargetID = 264104FC250F52FC00DD6383;
					};
					2641051D250F52FC00DD6383 = {
						CreatedOnToolsVersion = 11.6;
						TestTargetID = 264104FC250F52FC00DD6383;
					};
				};
			};
			buildConfigurationList = 264104F8250F52FC00DD6383 /* Build configuration list for PBXProject "Covid-19" */;
			compatibilityVersion = "Xcode 9.3";
			developmentRegion = en;
			hasScannedForEncodings = 0;
			knownRegions = (
				en,
				Base,
			);
			mainGroup = 264104F4250F52FC00DD6383;
			productRefGroup = 264104FE250F52FC00DD6383 /* Products */;
			projectDirPath = "";
			projectRoot = "";
			targets = (
				264104FC250F52FC00DD6383 /* Covid-19 */,
				26410512250F52FC00DD6383 /* Covid-19Tests */,
				2641051D250F52FC00DD6383 /* Covid-19UITests */,
			);
		};
/* End PBXProject section */

/* Begin PBXResourcesBuildPhase section */
		264104FB250F52FC00DD6383 /* Resources */ = {
			isa = PBXResourcesBuildPhase;
			buildActionMask = 2147483647;
			files = (
				2641050D250F52FC00DD6383 /* LaunchScreen.storyboard in Resources */,
				2641050A250F52FC00DD6383 /* Assets.xcassets in Resources */,
				269761562511FA2D00ADE8A0 /* GoogleService-Info.plist in Resources */,
				26640E4C2511525C00DFCB11 /* NewsCell.xib in Resources */,
				26410508250F52FC00DD6383 /* Main.storyboard in Resources */,
				268569792514CD3600447264 /* SurveyTableViewCell.xib in Resources */,
			);
			runOnlyForDeploymentPostprocessing = 0;
		};
		26410511250F52FC00DD6383 /* Resources */ = {
			isa = PBXResourcesBuildPhase;
			buildActionMask = 2147483647;
			files = (
			);
			runOnlyForDeploymentPostprocessing = 0;
		};
		2641051C250F52FC00DD6383 /* Resources */ = {
			isa = PBXResourcesBuildPhase;
			buildActionMask = 2147483647;
			files = (
			);
			runOnlyForDeploymentPostprocessing = 0;
		};
/* End PBXResourcesBuildPhase section */

/* Begin PBXShellScriptBuildPhase section */
		0EA8078A9A3219F49AB963FE /* [CP] Embed Pods Frameworks */ = {
			isa = PBXShellScriptBuildPhase;
			buildActionMask = 2147483647;
			files = (
			);
			inputFileListPaths = (
				"${PODS_ROOT}/Target Support Files/Pods-Covid-19/Pods-Covid-19-frameworks-${CONFIGURATION}-input-files.xcfilelist",
			);
			name = "[CP] Embed Pods Frameworks";
			outputFileListPaths = (
				"${PODS_ROOT}/Target Support Files/Pods-Covid-19/Pods-Covid-19-frameworks-${CONFIGURATION}-output-files.xcfilelist",
			);
			runOnlyForDeploymentPostprocessing = 0;
			shellPath = /bin/sh;
			shellScript = "\"${PODS_ROOT}/Target Support Files/Pods-Covid-19/Pods-Covid-19-frameworks.sh\"\n";
			showEnvVarsInLog = 0;
		};
		307207FD91B195BD565E1960 /* [CP] Check Pods Manifest.lock */ = {
			isa = PBXShellScriptBuildPhase;
			buildActionMask = 2147483647;
			files = (
			);
			inputFileListPaths = (
			);
			inputPaths = (
				"${PODS_PODFILE_DIR_PATH}/Podfile.lock",
				"${PODS_ROOT}/Manifest.lock",
			);
			name = "[CP] Check Pods Manifest.lock";
			outputFileListPaths = (
			);
			outputPaths = (
				"$(DERIVED_FILE_DIR)/Pods-Covid-19-checkManifestLockResult.txt",
			);
			runOnlyForDeploymentPostprocessing = 0;
			shellPath = /bin/sh;
			shellScript = "diff \"${PODS_PODFILE_DIR_PATH}/Podfile.lock\" \"${PODS_ROOT}/Manifest.lock\" > /dev/null\nif [ $? != 0 ] ; then\n    # print error to STDERR\n    echo \"error: The sandbox is not in sync with the Podfile.lock. Run 'pod install' or update your CocoaPods installation.\" >&2\n    exit 1\nfi\n# This output is used by Xcode 'outputs' to avoid re-running this script phase.\necho \"SUCCESS\" > \"${SCRIPT_OUTPUT_FILE_0}\"\n";
			showEnvVarsInLog = 0;
		};
		D2D9E5F5A746AAC21B5DF670 /* [CP] Embed Pods Frameworks */ = {
			isa = PBXShellScriptBuildPhase;
			buildActionMask = 2147483647;
			files = (
			);
			inputFileListPaths = (
				"${PODS_ROOT}/Target Support Files/Pods-Covid-19-Covid-19UITests/Pods-Covid-19-Covid-19UITests-frameworks-${CONFIGURATION}-input-files.xcfilelist",
			);
			name = "[CP] Embed Pods Frameworks";
			outputFileListPaths = (
				"${PODS_ROOT}/Target Support Files/Pods-Covid-19-Covid-19UITests/Pods-Covid-19-Covid-19UITests-frameworks-${CONFIGURATION}-output-files.xcfilelist",
			);
			runOnlyForDeploymentPostprocessing = 0;
			shellPath = /bin/sh;
			shellScript = "\"${PODS_ROOT}/Target Support Files/Pods-Covid-19-Covid-19UITests/Pods-Covid-19-Covid-19UITests-frameworks.sh\"\n";
			showEnvVarsInLog = 0;
		};
		E65AD724DB70C89697A91C09 /* [CP] Check Pods Manifest.lock */ = {
			isa = PBXShellScriptBuildPhase;
			buildActionMask = 2147483647;
			files = (
			);
			inputFileListPaths = (
			);
			inputPaths = (
				"${PODS_PODFILE_DIR_PATH}/Podfile.lock",
				"${PODS_ROOT}/Manifest.lock",
			);
			name = "[CP] Check Pods Manifest.lock";
			outputFileListPaths = (
			);
			outputPaths = (
				"$(DERIVED_FILE_DIR)/Pods-Covid-19Tests-checkManifestLockResult.txt",
			);
			runOnlyForDeploymentPostprocessing = 0;
			shellPath = /bin/sh;
			shellScript = "diff \"${PODS_PODFILE_DIR_PATH}/Podfile.lock\" \"${PODS_ROOT}/Manifest.lock\" > /dev/null\nif [ $? != 0 ] ; then\n    # print error to STDERR\n    echo \"error: The sandbox is not in sync with the Podfile.lock. Run 'pod install' or update your CocoaPods installation.\" >&2\n    exit 1\nfi\n# This output is used by Xcode 'outputs' to avoid re-running this script phase.\necho \"SUCCESS\" > \"${SCRIPT_OUTPUT_FILE_0}\"\n";
			showEnvVarsInLog = 0;
		};
		F61A52FE10EA9E8282A45476 /* [CP] Check Pods Manifest.lock */ = {
			isa = PBXShellScriptBuildPhase;
			buildActionMask = 2147483647;
			files = (
			);
			inputFileListPaths = (
			);
			inputPaths = (
				"${PODS_PODFILE_DIR_PATH}/Podfile.lock",
				"${PODS_ROOT}/Manifest.lock",
			);
			name = "[CP] Check Pods Manifest.lock";
			outputFileListPaths = (
			);
			outputPaths = (
				"$(DERIVED_FILE_DIR)/Pods-Covid-19-Covid-19UITests-checkManifestLockResult.txt",
			);
			runOnlyForDeploymentPostprocessing = 0;
			shellPath = /bin/sh;
			shellScript = "diff \"${PODS_PODFILE_DIR_PATH}/Podfile.lock\" \"${PODS_ROOT}/Manifest.lock\" > /dev/null\nif [ $? != 0 ] ; then\n    # print error to STDERR\n    echo \"error: The sandbox is not in sync with the Podfile.lock. Run 'pod install' or update your CocoaPods installation.\" >&2\n    exit 1\nfi\n# This output is used by Xcode 'outputs' to avoid re-running this script phase.\necho \"SUCCESS\" > \"${SCRIPT_OUTPUT_FILE_0}\"\n";
			showEnvVarsInLog = 0;
		};
/* End PBXShellScriptBuildPhase section */

/* Begin PBXSourcesBuildPhase section */
		264104F9250F52FC00DD6383 /* Sources */ = {
			isa = PBXSourcesBuildPhase;
			buildActionMask = 2147483647;
			files = (
				26FF778A251336A100A1E85D /* User.swift in Sources */,
				26FF778825132A7A00A1E85D /* IndicatorHUD.swift in Sources */,
				26410505250F52FC00DD6383 /* LoginViewController.swift in Sources */,
				2641053A250FC73300DD6383 /* HideNavigationBar.swift in Sources */,
				268569752514C7B000447264 /* SurveyViewController.swift in Sources */,
				2685696F2514762400447264 /* MapLocation.swift in Sources */,
				26640E382510D0AD00DFCB11 /* RoundedLabel.swift in Sources */,
				26640E362510B99600DFCB11 /* Constraints.swift in Sources */,
				26640E3A25111A9E00DFCB11 /* SympthonsViewController.swift in Sources */,
				2641054925109F5300DD6383 /* RoundedView.swift in Sources */,
				2641053F250FD6AA00DD6383 /* Validator.swift in Sources */,
				2641054625107B8D00DD6383 /* SettingViewController.swift in Sources */,
				269761542511EDBC00ADE8A0 /* ImagePickerDelegate.swift in Sources */,
				26410538250FB16A00DD6383 /* SignUpViewController.swift in Sources */,
				2641053C250FCBE700DD6383 /* KeyboardToolBar.swift in Sources */,
				26640E4B2511525C00DFCB11 /* NewsCell.swift in Sources */,
				26410534250F9A8100DD6383 /* RoundedButton.swift in Sources */,
				26410536250FA8D900DD6383 /* RoundedImageView.swift in Sources */,
				26640E3E251123F300DFCB11 /* ChangeNavBarTintColor.swift in Sources */,
				268569712514A67D00447264 /* MapMarker.swift in Sources */,
				2641054225107B6D00DD6383 /* HomeViewController.swift in Sources */,
				2685697B2514D7C400447264 /* Survey.swift in Sources */,
				26410501250F52FC00DD6383 /* AppDelegate.swift in Sources */,
				26410503250F52FC00DD6383 /* SceneDelegate.swift in Sources */,
				2685696B251379CB00447264 /* LunchScreenViewController.swift in Sources */,
				26410532250F96DF00DD6383 /* RoundedTextField.swift in Sources */,
				26640E322510B5D800DFCB11 /* PopupDialog.swift in Sources */,
				2624871C2511FD9300C73E58 /* FirebaseManager.swift in Sources */,
				2641054425107B7D00DD6383 /* UpdateViewController.swift in Sources */,
				268569732514BA1D00447264 /* MapViewController.swift in Sources */,
				268569782514CD3600447264 /* SurveyTableViewCell.swift in Sources */,
				26640E342510B81500DFCB11 /* UserSession.swift in Sources */,
			);
			runOnlyForDeploymentPostprocessing = 0;
		};
		2641050F250F52FC00DD6383 /* Sources */ = {
			isa = PBXSourcesBuildPhase;
			buildActionMask = 2147483647;
			files = (
				26410518250F52FC00DD6383 /* Covid_19Tests.swift in Sources */,
			);
			runOnlyForDeploymentPostprocessing = 0;
		};
		2641051A250F52FC00DD6383 /* Sources */ = {
			isa = PBXSourcesBuildPhase;
			buildActionMask = 2147483647;
			files = (
				26410523250F52FC00DD6383 /* Covid_19UITests.swift in Sources */,
			);
			runOnlyForDeploymentPostprocessing = 0;
		};
/* End PBXSourcesBuildPhase section */

/* Begin PBXTargetDependency section */
		26410515250F52FC00DD6383 /* PBXTargetDependency */ = {
			isa = PBXTargetDependency;
			target = 264104FC250F52FC00DD6383 /* Covid-19 */;
			targetProxy = 26410514250F52FC00DD6383 /* PBXContainerItemProxy */;
		};
		26410520250F52FC00DD6383 /* PBXTargetDependency */ = {
			isa = PBXTargetDependency;
			target = 264104FC250F52FC00DD6383 /* Covid-19 */;
			targetProxy = 2641051F250F52FC00DD6383 /* PBXContainerItemProxy */;
		};
/* End PBXTargetDependency section */

/* Begin PBXVariantGroup section */
		26410506250F52FC00DD6383 /* Main.storyboard */ = {
			isa = PBXVariantGroup;
			children = (
				26410507250F52FC00DD6383 /* Base */,
			);
			name = Main.storyboard;
			sourceTree = "<group>";
		};
		2641050B250F52FC00DD6383 /* LaunchScreen.storyboard */ = {
			isa = PBXVariantGroup;
			children = (
				2641050C250F52FC00DD6383 /* Base */,
			);
			name = LaunchScreen.storyboard;
			sourceTree = "<group>";
		};
/* End PBXVariantGroup section */

/* Begin XCBuildConfiguration section */
		26410525250F52FC00DD6383 /* Debug */ = {
			isa = XCBuildConfiguration;
			buildSettings = {
				ALWAYS_SEARCH_USER_PATHS = NO;
				CLANG_ANALYZER_NONNULL = YES;
				CLANG_ANALYZER_NUMBER_OBJECT_CONVERSION = YES_AGGRESSIVE;
				CLANG_CXX_LANGUAGE_STANDARD = "gnu++14";
				CLANG_CXX_LIBRARY = "libc++";
				CLANG_ENABLE_MODULES = YES;
				CLANG_ENABLE_OBJC_ARC = YES;
				CLANG_ENABLE_OBJC_WEAK = YES;
				CLANG_WARN_BLOCK_CAPTURE_AUTORELEASING = YES;
				CLANG_WARN_BOOL_CONVERSION = YES;
				CLANG_WARN_COMMA = YES;
				CLANG_WARN_CONSTANT_CONVERSION = YES;
				CLANG_WARN_DEPRECATED_OBJC_IMPLEMENTATIONS = YES;
				CLANG_WARN_DIRECT_OBJC_ISA_USAGE = YES_ERROR;
				CLANG_WARN_DOCUMENTATION_COMMENTS = YES;
				CLANG_WARN_EMPTY_BODY = YES;
				CLANG_WARN_ENUM_CONVERSION = YES;
				CLANG_WARN_INFINITE_RECURSION = YES;
				CLANG_WARN_INT_CONVERSION = YES;
				CLANG_WARN_NON_LITERAL_NULL_CONVERSION = YES;
				CLANG_WARN_OBJC_IMPLICIT_RETAIN_SELF = YES;
				CLANG_WARN_OBJC_LITERAL_CONVERSION = YES;
				CLANG_WARN_OBJC_ROOT_CLASS = YES_ERROR;
				CLANG_WARN_RANGE_LOOP_ANALYSIS = YES;
				CLANG_WARN_STRICT_PROTOTYPES = YES;
				CLANG_WARN_SUSPICIOUS_MOVE = YES;
				CLANG_WARN_UNGUARDED_AVAILABILITY = YES_AGGRESSIVE;
				CLANG_WARN_UNREACHABLE_CODE = YES;
				CLANG_WARN__DUPLICATE_METHOD_MATCH = YES;
				COPY_PHASE_STRIP = NO;
				DEBUG_INFORMATION_FORMAT = dwarf;
				ENABLE_STRICT_OBJC_MSGSEND = YES;
				ENABLE_TESTABILITY = YES;
				GCC_C_LANGUAGE_STANDARD = gnu11;
				GCC_DYNAMIC_NO_PIC = NO;
				GCC_NO_COMMON_BLOCKS = YES;
				GCC_OPTIMIZATION_LEVEL = 0;
				GCC_PREPROCESSOR_DEFINITIONS = (
					"DEBUG=1",
					"$(inherited)",
				);
				GCC_WARN_64_TO_32_BIT_CONVERSION = YES;
				GCC_WARN_ABOUT_RETURN_TYPE = YES_ERROR;
				GCC_WARN_UNDECLARED_SELECTOR = YES;
				GCC_WARN_UNINITIALIZED_AUTOS = YES_AGGRESSIVE;
				GCC_WARN_UNUSED_FUNCTION = YES;
				GCC_WARN_UNUSED_VARIABLE = YES;
				IPHONEOS_DEPLOYMENT_TARGET = 13.6;
				MTL_ENABLE_DEBUG_INFO = INCLUDE_SOURCE;
				MTL_FAST_MATH = YES;
				ONLY_ACTIVE_ARCH = YES;
				SDKROOT = iphoneos;
				SWIFT_ACTIVE_COMPILATION_CONDITIONS = DEBUG;
				SWIFT_OPTIMIZATION_LEVEL = "-Onone";
			};
			name = Debug;
		};
		26410526250F52FC00DD6383 /* Release */ = {
			isa = XCBuildConfiguration;
			buildSettings = {
				ALWAYS_SEARCH_USER_PATHS = NO;
				CLANG_ANALYZER_NONNULL = YES;
				CLANG_ANALYZER_NUMBER_OBJECT_CONVERSION = YES_AGGRESSIVE;
				CLANG_CXX_LANGUAGE_STANDARD = "gnu++14";
				CLANG_CXX_LIBRARY = "libc++";
				CLANG_ENABLE_MODULES = YES;
				CLANG_ENABLE_OBJC_ARC = YES;
				CLANG_ENABLE_OBJC_WEAK = YES;
				CLANG_WARN_BLOCK_CAPTURE_AUTORELEASING = YES;
				CLANG_WARN_BOOL_CONVERSION = YES;
				CLANG_WARN_COMMA = YES;
				CLANG_WARN_CONSTANT_CONVERSION = YES;
				CLANG_WARN_DEPRECATED_OBJC_IMPLEMENTATIONS = YES;
				CLANG_WARN_DIRECT_OBJC_ISA_USAGE = YES_ERROR;
				CLANG_WARN_DOCUMENTATION_COMMENTS = YES;
				CLANG_WARN_EMPTY_BODY = YES;
				CLANG_WARN_ENUM_CONVERSION = YES;
				CLANG_WARN_INFINITE_RECURSION = YES;
				CLANG_WARN_INT_CONVERSION = YES;
				CLANG_WARN_NON_LITERAL_NULL_CONVERSION = YES;
				CLANG_WARN_OBJC_IMPLICIT_RETAIN_SELF = YES;
				CLANG_WARN_OBJC_LITERAL_CONVERSION = YES;
				CLANG_WARN_OBJC_ROOT_CLASS = YES_ERROR;
				CLANG_WARN_RANGE_LOOP_ANALYSIS = YES;
				CLANG_WARN_STRICT_PROTOTYPES = YES;
				CLANG_WARN_SUSPICIOUS_MOVE = YES;
				CLANG_WARN_UNGUARDED_AVAILABILITY = YES_AGGRESSIVE;
				CLANG_WARN_UNREACHABLE_CODE = YES;
				CLANG_WARN__DUPLICATE_METHOD_MATCH = YES;
				COPY_PHASE_STRIP = NO;
				DEBUG_INFORMATION_FORMAT = "dwarf-with-dsym";
				ENABLE_NS_ASSERTIONS = NO;
				ENABLE_STRICT_OBJC_MSGSEND = YES;
				GCC_C_LANGUAGE_STANDARD = gnu11;
				GCC_NO_COMMON_BLOCKS = YES;
				GCC_WARN_64_TO_32_BIT_CONVERSION = YES;
				GCC_WARN_ABOUT_RETURN_TYPE = YES_ERROR;
				GCC_WARN_UNDECLARED_SELECTOR = YES;
				GCC_WARN_UNINITIALIZED_AUTOS = YES_AGGRESSIVE;
				GCC_WARN_UNUSED_FUNCTION = YES;
				GCC_WARN_UNUSED_VARIABLE = YES;
				IPHONEOS_DEPLOYMENT_TARGET = 13.6;
				MTL_ENABLE_DEBUG_INFO = NO;
				MTL_FAST_MATH = YES;
				SDKROOT = iphoneos;
				SWIFT_COMPILATION_MODE = wholemodule;
				SWIFT_OPTIMIZATION_LEVEL = "-O";
				VALIDATE_PRODUCT = YES;
			};
			name = Release;
		};
		26410528250F52FC00DD6383 /* Debug */ = {
			isa = XCBuildConfiguration;
			baseConfigurationReference = E660E830D56D12FBE2DE1E2D /* Pods-Covid-19.debug.xcconfig */;
			buildSettings = {
				ASSETCATALOG_COMPILER_APPICON_NAME = AppIcon;
				CODE_SIGN_STYLE = Automatic;
				INFOPLIST_FILE = "Covid-19/Info.plist";
				LD_RUNPATH_SEARCH_PATHS = (
					"$(inherited)",
					"@executable_path/Frameworks",
				);
				PRODUCT_BUNDLE_IDENTIFIER = "com.treCoops.Covid-19";
				PRODUCT_NAME = "$(TARGET_NAME)";
				SWIFT_VERSION = 5.0;
				TARGETED_DEVICE_FAMILY = "1,2";
			};
			name = Debug;
		};
		26410529250F52FC00DD6383 /* Release */ = {
			isa = XCBuildConfiguration;
			baseConfigurationReference = B15A2EB58C7A035E07E56896 /* Pods-Covid-19.release.xcconfig */;
			buildSettings = {
				ASSETCATALOG_COMPILER_APPICON_NAME = AppIcon;
				CODE_SIGN_STYLE = Automatic;
				INFOPLIST_FILE = "Covid-19/Info.plist";
				LD_RUNPATH_SEARCH_PATHS = (
					"$(inherited)",
					"@executable_path/Frameworks",
				);
				PRODUCT_BUNDLE_IDENTIFIER = "com.treCoops.Covid-19";
				PRODUCT_NAME = "$(TARGET_NAME)";
				SWIFT_VERSION = 5.0;
				TARGETED_DEVICE_FAMILY = "1,2";
			};
			name = Release;
		};
		2641052B250F52FC00DD6383 /* Debug */ = {
			isa = XCBuildConfiguration;
			baseConfigurationReference = 1C33567C5118DA6E685DC91E /* Pods-Covid-19Tests.debug.xcconfig */;
			buildSettings = {
				ALWAYS_EMBED_SWIFT_STANDARD_LIBRARIES = YES;
				BUNDLE_LOADER = "$(TEST_HOST)";
				CODE_SIGN_STYLE = Automatic;
				INFOPLIST_FILE = "Covid-19Tests/Info.plist";
				IPHONEOS_DEPLOYMENT_TARGET = 13.6;
				LD_RUNPATH_SEARCH_PATHS = (
					"$(inherited)",
					"@executable_path/Frameworks",
					"@loader_path/Frameworks",
				);
				PRODUCT_BUNDLE_IDENTIFIER = "com.treCoops.Covid-19Tests";
				PRODUCT_NAME = "$(TARGET_NAME)";
				SWIFT_VERSION = 5.0;
				TARGETED_DEVICE_FAMILY = "1,2";
				TEST_HOST = "$(BUILT_PRODUCTS_DIR)/Covid-19.app/Covid-19";
			};
			name = Debug;
		};
		2641052C250F52FC00DD6383 /* Release */ = {
			isa = XCBuildConfiguration;
			baseConfigurationReference = 10A4BCDD8E19397E7220352D /* Pods-Covid-19Tests.release.xcconfig */;
			buildSettings = {
				ALWAYS_EMBED_SWIFT_STANDARD_LIBRARIES = YES;
				BUNDLE_LOADER = "$(TEST_HOST)";
				CODE_SIGN_STYLE = Automatic;
				INFOPLIST_FILE = "Covid-19Tests/Info.plist";
				IPHONEOS_DEPLOYMENT_TARGET = 13.6;
				LD_RUNPATH_SEARCH_PATHS = (
					"$(inherited)",
					"@executable_path/Frameworks",
					"@loader_path/Frameworks",
				);
				PRODUCT_BUNDLE_IDENTIFIER = "com.treCoops.Covid-19Tests";
				PRODUCT_NAME = "$(TARGET_NAME)";
				SWIFT_VERSION = 5.0;
				TARGETED_DEVICE_FAMILY = "1,2";
				TEST_HOST = "$(BUILT_PRODUCTS_DIR)/Covid-19.app/Covid-19";
			};
			name = Release;
		};
		2641052E250F52FC00DD6383 /* Debug */ = {
			isa = XCBuildConfiguration;
			baseConfigurationReference = 9AF9EC0316A89F8014BFE6B7 /* Pods-Covid-19-Covid-19UITests.debug.xcconfig */;
			buildSettings = {
				ALWAYS_EMBED_SWIFT_STANDARD_LIBRARIES = YES;
				CODE_SIGN_STYLE = Automatic;
				INFOPLIST_FILE = "Covid-19UITests/Info.plist";
				LD_RUNPATH_SEARCH_PATHS = (
					"$(inherited)",
					"@executable_path/Frameworks",
					"@loader_path/Frameworks",
				);
				PRODUCT_BUNDLE_IDENTIFIER = "com.treCoops.Covid-19UITests";
				PRODUCT_NAME = "$(TARGET_NAME)";
				SWIFT_VERSION = 5.0;
				TARGETED_DEVICE_FAMILY = "1,2";
				TEST_TARGET_NAME = "Covid-19";
			};
			name = Debug;
		};
		2641052F250F52FC00DD6383 /* Release */ = {
			isa = XCBuildConfiguration;
			baseConfigurationReference = 7D8458B867CEA85282BE8DD6 /* Pods-Covid-19-Covid-19UITests.release.xcconfig */;
			buildSettings = {
				ALWAYS_EMBED_SWIFT_STANDARD_LIBRARIES = YES;
				CODE_SIGN_STYLE = Automatic;
				INFOPLIST_FILE = "Covid-19UITests/Info.plist";
				LD_RUNPATH_SEARCH_PATHS = (
					"$(inherited)",
					"@executable_path/Frameworks",
					"@loader_path/Frameworks",
				);
				PRODUCT_BUNDLE_IDENTIFIER = "com.treCoops.Covid-19UITests";
				PRODUCT_NAME = "$(TARGET_NAME)";
				SWIFT_VERSION = 5.0;
				TARGETED_DEVICE_FAMILY = "1,2";
				TEST_TARGET_NAME = "Covid-19";
			};
			name = Release;
		};
/* End XCBuildConfiguration section */

/* Begin XCConfigurationList section */
		264104F8250F52FC00DD6383 /* Build configuration list for PBXProject "Covid-19" */ = {
			isa = XCConfigurationList;
			buildConfigurations = (
				26410525250F52FC00DD6383 /* Debug */,
				26410526250F52FC00DD6383 /* Release */,
			);
			defaultConfigurationIsVisible = 0;
			defaultConfigurationName = Release;
		};
		26410527250F52FC00DD6383 /* Build configuration list for PBXNativeTarget "Covid-19" */ = {
			isa = XCConfigurationList;
			buildConfigurations = (
				26410528250F52FC00DD6383 /* Debug */,
				26410529250F52FC00DD6383 /* Release */,
			);
			defaultConfigurationIsVisible = 0;
			defaultConfigurationName = Release;
		};
		2641052A250F52FC00DD6383 /* Build configuration list for PBXNativeTarget "Covid-19Tests" */ = {
			isa = XCConfigurationList;
			buildConfigurations = (
				2641052B250F52FC00DD6383 /* Debug */,
				2641052C250F52FC00DD6383 /* Release */,
			);
			defaultConfigurationIsVisible = 0;
			defaultConfigurationName = Release;
		};
		2641052D250F52FC00DD6383 /* Build configuration list for PBXNativeTarget "Covid-19UITests" */ = {
			isa = XCConfigurationList;
			buildConfigurations = (
				2641052E250F52FC00DD6383 /* Debug */,
				2641052F250F52FC00DD6383 /* Release */,
			);
			defaultConfigurationIsVisible = 0;
			defaultConfigurationName = Release;
		};
/* End XCConfigurationList section */
	};
	rootObject = 264104F5250F52FC00DD6383 /* Project object */;
}
